
Microsoft Visual Studio Solution File, Format Version 12.00
# Visual Studio Version 16
VisualStudioVersion = 16.0.29306.81
MinimumVisualStudioVersion = 10.0.40219.1
Project("{FAE04EC0-301F-11D3-BF4B-00C04F79EFBC}") = "ShoeWaves", "ShoeWaves\ShoeWaves.csproj", "{99CC99D1-BB4B-4A72-8C2E-98AD04C38A6A}"
EndProject
Global
	GlobalSection(SolutionConfigurationPlatforms) = preSolution
		Debug|Any CPU = Debug|Any CPU
		Release|Any CPU = Release|Any CPU
	EndGlobalSection
	GlobalSection(ProjectConfigurationPlatforms) = postSolution
		{99CC99D1-BB4B-4A72-8C2E-98AD04C38A6A}.Debug|Any CPU.ActiveCfg = Debug|Any CPU
		{99CC99D1-BB4B-4A72-8C2E-98AD04C38A6A}.Debug|Any CPU.Build.0 = Debug|Any CPU
		{99CC99D1-BB4B-4A72-8C2E-98AD04C38A6A}.Release|Any CPU.ActiveCfg = Release|Any CPU
		{99CC99D1-BB4B-4A72-8C2E-98AD04C38A6A}.Release|Any CPU.Build.0 = Release|Any CPU
	EndGlobalSection
	GlobalSection(SolutionProperties) = preSolution
		HideSolutionNode = FALSE
	EndGlobalSection
	GlobalSection(ExtensibilityGlobals) = postSolution
		SolutionGuid = {5A73C8AD-8AEA-46D6-B81F-20866C495544}
	EndGlobalSection
EndGlobal
